
Microsoft Visual Studio Solution File, Format Version 12.00
# Visual Studio 14
VisualStudioVersion = 14.0.25420.1
MinimumVisualStudioVersion = 10.0.40219.1
Project("{2150E333-8FDC-42A3-9474-1A3956D46DE8}") = "src", "src", "{E9A938B9-482B-4B47-A575-9A726DA4C8A8}"
EndProject
Project("{2150E333-8FDC-42A3-9474-1A3956D46DE8}") = "Solution Items", "Solution Items", "{9E326725-1852-4E08-99AA-F862A7C3013A}"
	ProjectSection(SolutionItems) = preProject
		global.json = global.json
	EndProjectSection
EndProject
Project("{8BB2217D-0F2D-49D1-97BC-3654ED321F3B}") = "RentOfBikes", "src\RentOfBikes\RentOfBikes.xproj", "{FF8D39B4-0680-460B-8E2C-5D952103F2DA}"
EndProject
Project("{8BB2217D-0F2D-49D1-97BC-3654ED321F3B}") = "Infrastructure", "src\Infrastructure\Infrastructure.xproj", "{5230C49E-BFDC-456E-B5AD-71F0118C5B2D}"
EndProject
Project("{8BB2217D-0F2D-49D1-97BC-3654ED321F3B}") = "Domain", "src\Domain\Domain.xproj", "{E5879D7F-18A2-4A99-AF21-2BCD14DF9CF6}"
EndProject
Global
	GlobalSection(SolutionConfigurationPlatforms) = preSolution
		Debug|Any CPU = Debug|Any CPU
		Release|Any CPU = Release|Any CPU
	EndGlobalSection
	GlobalSection(ProjectConfigurationPlatforms) = postSolution
		{FF8D39B4-0680-460B-8E2C-5D952103F2DA}.Debug|Any CPU.ActiveCfg = Debug|Any CPU
		{FF8D39B4-0680-460B-8E2C-5D952103F2DA}.Debug|Any CPU.Build.0 = Debug|Any CPU
		{FF8D39B4-0680-460B-8E2C-5D952103F2DA}.Release|Any CPU.ActiveCfg = Release|Any CPU
		{FF8D39B4-0680-460B-8E2C-5D952103F2DA}.Release|Any CPU.Build.0 = Release|Any CPU
		{5230C49E-BFDC-456E-B5AD-71F0118C5B2D}.Debug|Any CPU.ActiveCfg = Debug|Any CPU
		{5230C49E-BFDC-456E-B5AD-71F0118C5B2D}.Debug|Any CPU.Build.0 = Debug|Any CPU
		{5230C49E-BFDC-456E-B5AD-71F0118C5B2D}.Release|Any CPU.ActiveCfg = Release|Any CPU
		{5230C49E-BFDC-456E-B5AD-71F0118C5B2D}.Release|Any CPU.Build.0 = Release|Any CPU
		{E5879D7F-18A2-4A99-AF21-2BCD14DF9CF6}.Debug|Any CPU.ActiveCfg = Debug|Any CPU
		{E5879D7F-18A2-4A99-AF21-2BCD14DF9CF6}.Debug|Any CPU.Build.0 = Debug|Any CPU
		{E5879D7F-18A2-4A99-AF21-2BCD14DF9CF6}.Release|Any CPU.ActiveCfg = Release|Any CPU
		{E5879D7F-18A2-4A99-AF21-2BCD14DF9CF6}.Release|Any CPU.Build.0 = Release|Any CPU
	EndGlobalSection
	GlobalSection(SolutionProperties) = preSolution
		HideSolutionNode = FALSE
	EndGlobalSection
	GlobalSection(NestedProjects) = preSolution
		{FF8D39B4-0680-460B-8E2C-5D952103F2DA} = {E9A938B9-482B-4B47-A575-9A726DA4C8A8}
		{5230C49E-BFDC-456E-B5AD-71F0118C5B2D} = {E9A938B9-482B-4B47-A575-9A726DA4C8A8}
		{E5879D7F-18A2-4A99-AF21-2BCD14DF9CF6} = {E9A938B9-482B-4B47-A575-9A726DA4C8A8}
	EndGlobalSection
EndGlobal
